// !$*UTF8*$!
{
	archiveVersion = 1;
	classes = {
	};
	objectVersion = 46;
	objects = {

/* Begin PBXBuildFile section */
		211C76F91AD63710004F29F6 /* main.m in Sources */ = {isa = PBXBuildFile; fileRef = 211C76F81AD63710004F29F6 /* main.m */; };
		211C76FC1AD63710004F29F6 /* AppDelegate.m in Sources */ = {isa = PBXBuildFile; fileRef = 211C76FB1AD63710004F29F6 /* AppDelegate.m */; };
		211C76FF1AD63710004F29F6 /* ViewController.m in Sources */ = {isa = PBXBuildFile; fileRef = 211C76FE1AD63710004F29F6 /* ViewController.m */; };
		211C77021AD63710004F29F6 /* Main.storyboard in Resources */ = {isa = PBXBuildFile; fileRef = 211C77001AD63710004F29F6 /* Main.storyboard */; };
		211C77041AD63710004F29F6 /* Images.xcassets in Resources */ = {isa = PBXBuildFile; fileRef = 211C77031AD63710004F29F6 /* Images.xcassets */; };
		211C77071AD63710004F29F6 /* LaunchScreen.xib in Resources */ = {isa = PBXBuildFile; fileRef = 211C77051AD63710004F29F6 /* LaunchScreen.xib */; };
		211C77131AD63710004F29F6 /* GiguesaurTests.m in Sources */ = {isa = PBXBuildFile; fileRef = 211C77121AD63710004F29F6 /* GiguesaurTests.m */; };
		211C771E1AD6391E004F29F6 /* ChatController.m in Sources */ = {isa = PBXBuildFile; fileRef = 211C771D1AD6391E004F29F6 /* ChatController.m */; };
		211C77C41AD8B049004F29F6 /* address.cpp in Sources */ = {isa = PBXBuildFile; fileRef = 211C77241AD8B048004F29F6 /* address.cpp */; };
		211C77C51AD8B049004F29F6 /* clock.cpp in Sources */ = {isa = PBXBuildFile; fileRef = 211C772A1AD8B048004F29F6 /* clock.cpp */; };
		211C77C61AD8B049004F29F6 /* ctx.cpp in Sources */ = {isa = PBXBuildFile; fileRef = 211C772E1AD8B048004F29F6 /* ctx.cpp */; };
		211C77C71AD8B049004F29F6 /* curve_client.cpp in Sources */ = {isa = PBXBuildFile; fileRef = 211C77301AD8B048004F29F6 /* curve_client.cpp */; };
		211C77C81AD8B049004F29F6 /* curve_server.cpp in Sources */ = {isa = PBXBuildFile; fileRef = 211C77321AD8B048004F29F6 /* curve_server.cpp */; };
		211C77C91AD8B049004F29F6 /* dealer.cpp in Sources */ = {isa = PBXBuildFile; fileRef = 211C77351AD8B048004F29F6 /* dealer.cpp */; };
		211C77CA1AD8B049004F29F6 /* devpoll.cpp in Sources */ = {isa = PBXBuildFile; fileRef = 211C77381AD8B048004F29F6 /* devpoll.cpp */; };
		211C77CB1AD8B049004F29F6 /* dist.cpp in Sources */ = {isa = PBXBuildFile; fileRef = 211C773A1AD8B048004F29F6 /* dist.cpp */; };
		211C77CC1AD8B049004F29F6 /* epoll.cpp in Sources */ = {isa = PBXBuildFile; fileRef = 211C773D1AD8B048004F29F6 /* epoll.cpp */; };
		211C77CD1AD8B049004F29F6 /* err.cpp in Sources */ = {isa = PBXBuildFile; fileRef = 211C773F1AD8B048004F29F6 /* err.cpp */; };
		211C77CE1AD8B049004F29F6 /* fq.cpp in Sources */ = {isa = PBXBuildFile; fileRef = 211C77421AD8B048004F29F6 /* fq.cpp */; };
		211C77CF1AD8B049004F29F6 /* io_object.cpp in Sources */ = {isa = PBXBuildFile; fileRef = 211C77481AD8B048004F29F6 /* io_object.cpp */; };
		211C77D01AD8B049004F29F6 /* io_thread.cpp in Sources */ = {isa = PBXBuildFile; fileRef = 211C774A1AD8B048004F29F6 /* io_thread.cpp */; };
		211C77D11AD8B049004F29F6 /* ip.cpp in Sources */ = {isa = PBXBuildFile; fileRef = 211C774C1AD8B048004F29F6 /* ip.cpp */; };
		211C77D21AD8B049004F29F6 /* ipc_address.cpp in Sources */ = {isa = PBXBuildFile; fileRef = 211C774E1AD8B048004F29F6 /* ipc_address.cpp */; };
		211C77D31AD8B049004F29F6 /* ipc_connecter.cpp in Sources */ = {isa = PBXBuildFile; fileRef = 211C77501AD8B048004F29F6 /* ipc_connecter.cpp */; };
		211C77D41AD8B049004F29F6 /* ipc_listener.cpp in Sources */ = {isa = PBXBuildFile; fileRef = 211C77521AD8B048004F29F6 /* ipc_listener.cpp */; };
		211C77D51AD8B049004F29F6 /* kqueue.cpp in Sources */ = {isa = PBXBuildFile; fileRef = 211C77541AD8B048004F29F6 /* kqueue.cpp */; };
		211C77D61AD8B049004F29F6 /* lb.cpp in Sources */ = {isa = PBXBuildFile; fileRef = 211C77561AD8B048004F29F6 /* lb.cpp */; };
		211C77D71AD8B049004F29F6 /* mailbox.cpp in Sources */ = {isa = PBXBuildFile; fileRef = 211C77591AD8B048004F29F6 /* mailbox.cpp */; };
		211C77D81AD8B049004F29F6 /* mechanism.cpp in Sources */ = {isa = PBXBuildFile; fileRef = 211C775B1AD8B048004F29F6 /* mechanism.cpp */; };
		211C77D91AD8B049004F29F6 /* msg.cpp in Sources */ = {isa = PBXBuildFile; fileRef = 211C775D1AD8B048004F29F6 /* msg.cpp */; };
		211C77DA1AD8B049004F29F6 /* mtrie.cpp in Sources */ = {isa = PBXBuildFile; fileRef = 211C775F1AD8B048004F29F6 /* mtrie.cpp */; };
		211C77DB1AD8B049004F29F6 /* null_mechanism.cpp in Sources */ = {isa = PBXBuildFile; fileRef = 211C77621AD8B048004F29F6 /* null_mechanism.cpp */; };
		211C77DC1AD8B049004F29F6 /* object.cpp in Sources */ = {isa = PBXBuildFile; fileRef = 211C77641AD8B048004F29F6 /* object.cpp */; };
		211C77DD1AD8B049004F29F6 /* options.cpp in Sources */ = {isa = PBXBuildFile; fileRef = 211C77661AD8B048004F29F6 /* options.cpp */; };
		211C77DE1AD8B049004F29F6 /* own.cpp in Sources */ = {isa = PBXBuildFile; fileRef = 211C77681AD8B048004F29F6 /* own.cpp */; };
		211C77DF1AD8B049004F29F6 /* pair.cpp in Sources */ = {isa = PBXBuildFile; fileRef = 211C776A1AD8B048004F29F6 /* pair.cpp */; };
		211C77E01AD8B049004F29F6 /* pgm_receiver.cpp in Sources */ = {isa = PBXBuildFile; fileRef = 211C776C1AD8B048004F29F6 /* pgm_receiver.cpp */; };
		211C77E11AD8B049004F29F6 /* pgm_sender.cpp in Sources */ = {isa = PBXBuildFile; fileRef = 211C776E1AD8B048004F29F6 /* pgm_sender.cpp */; };
		211C77E21AD8B049004F29F6 /* pgm_socket.cpp in Sources */ = {isa = PBXBuildFile; fileRef = 211C77701AD8B048004F29F6 /* pgm_socket.cpp */; };
		211C77E31AD8B049004F29F6 /* pipe.cpp in Sources */ = {isa = PBXBuildFile; fileRef = 211C77721AD8B048004F29F6 /* pipe.cpp */; };
		211C77E41AD8B049004F29F6 /* plain_mechanism.cpp in Sources */ = {isa = PBXBuildFile; fileRef = 211C77741AD8B048004F29F6 /* plain_mechanism.cpp */; };
		211C77E51AD8B049004F29F6 /* poll.cpp in Sources */ = {isa = PBXBuildFile; fileRef = 211C77771AD8B048004F29F6 /* poll.cpp */; };
		211C77E61AD8B049004F29F6 /* poller_base.cpp in Sources */ = {isa = PBXBuildFile; fileRef = 211C777A1AD8B048004F29F6 /* poller_base.cpp */; };
		211C77E71AD8B049004F29F6 /* precompiled.cpp in Sources */ = {isa = PBXBuildFile; fileRef = 211C777C1AD8B048004F29F6 /* precompiled.cpp */; };
		211C77E81AD8B049004F29F6 /* proxy.cpp in Sources */ = {isa = PBXBuildFile; fileRef = 211C777E1AD8B048004F29F6 /* proxy.cpp */; };
		211C77E91AD8B049004F29F6 /* pub.cpp in Sources */ = {isa = PBXBuildFile; fileRef = 211C77801AD8B048004F29F6 /* pub.cpp */; };
		211C77EA1AD8B049004F29F6 /* pull.cpp in Sources */ = {isa = PBXBuildFile; fileRef = 211C77821AD8B048004F29F6 /* pull.cpp */; };
		211C77EB1AD8B049004F29F6 /* push.cpp in Sources */ = {isa = PBXBuildFile; fileRef = 211C77841AD8B048004F29F6 /* push.cpp */; };
		211C77EC1AD8B049004F29F6 /* random.cpp in Sources */ = {isa = PBXBuildFile; fileRef = 211C77861AD8B048004F29F6 /* random.cpp */; };
		211C77ED1AD8B049004F29F6 /* raw_decoder.cpp in Sources */ = {isa = PBXBuildFile; fileRef = 211C77881AD8B048004F29F6 /* raw_decoder.cpp */; };
		211C77EE1AD8B049004F29F6 /* raw_encoder.cpp in Sources */ = {isa = PBXBuildFile; fileRef = 211C778A1AD8B048004F29F6 /* raw_encoder.cpp */; };
		211C77EF1AD8B049004F29F6 /* reaper.cpp in Sources */ = {isa = PBXBuildFile; fileRef = 211C778C1AD8B048004F29F6 /* reaper.cpp */; };
		211C77F01AD8B049004F29F6 /* rep.cpp in Sources */ = {isa = PBXBuildFile; fileRef = 211C778E1AD8B048004F29F6 /* rep.cpp */; };
		211C77F11AD8B049004F29F6 /* req.cpp in Sources */ = {isa = PBXBuildFile; fileRef = 211C77901AD8B048004F29F6 /* req.cpp */; };
		211C77F21AD8B049004F29F6 /* router.cpp in Sources */ = {isa = PBXBuildFile; fileRef = 211C77921AD8B048004F29F6 /* router.cpp */; };
		211C77F31AD8B049004F29F6 /* select.cpp in Sources */ = {isa = PBXBuildFile; fileRef = 211C77941AD8B048004F29F6 /* select.cpp */; };
		211C77F41AD8B049004F29F6 /* session_base.cpp in Sources */ = {isa = PBXBuildFile; fileRef = 211C77961AD8B048004F29F6 /* session_base.cpp */; };
		211C77F51AD8B049004F29F6 /* signaler.cpp in Sources */ = {isa = PBXBuildFile; fileRef = 211C77981AD8B048004F29F6 /* signaler.cpp */; };
		211C77F61AD8B049004F29F6 /* socket_base.cpp in Sources */ = {isa = PBXBuildFile; fileRef = 211C779A1AD8B048004F29F6 /* socket_base.cpp */; };
		211C77F71AD8B049004F29F6 /* stream.cpp in Sources */ = {isa = PBXBuildFile; fileRef = 211C779D1AD8B048004F29F6 /* stream.cpp */; };
		211C77F81AD8B049004F29F6 /* stream_engine.cpp in Sources */ = {isa = PBXBuildFile; fileRef = 211C779F1AD8B048004F29F6 /* stream_engine.cpp */; };
		211C77F91AD8B049004F29F6 /* sub.cpp in Sources */ = {isa = PBXBuildFile; fileRef = 211C77A11AD8B048004F29F6 /* sub.cpp */; };
		211C77FA1AD8B049004F29F6 /* tcp.cpp in Sources */ = {isa = PBXBuildFile; fileRef = 211C77A31AD8B048004F29F6 /* tcp.cpp */; };
		211C77FB1AD8B049004F29F6 /* tcp_address.cpp in Sources */ = {isa = PBXBuildFile; fileRef = 211C77A51AD8B048004F29F6 /* tcp_address.cpp */; };
		211C77FC1AD8B049004F29F6 /* tcp_connecter.cpp in Sources */ = {isa = PBXBuildFile; fileRef = 211C77A71AD8B048004F29F6 /* tcp_connecter.cpp */; };
		211C77FD1AD8B049004F29F6 /* tcp_listener.cpp in Sources */ = {isa = PBXBuildFile; fileRef = 211C77A91AD8B048004F29F6 /* tcp_listener.cpp */; };
		211C77FE1AD8B049004F29F6 /* thread.cpp in Sources */ = {isa = PBXBuildFile; fileRef = 211C77AB1AD8B048004F29F6 /* thread.cpp */; };
		211C77FF1AD8B049004F29F6 /* trie.cpp in Sources */ = {isa = PBXBuildFile; fileRef = 211C77AD1AD8B048004F29F6 /* trie.cpp */; };
		211C78001AD8B049004F29F6 /* v1_decoder.cpp in Sources */ = {isa = PBXBuildFile; fileRef = 211C77AF1AD8B048004F29F6 /* v1_decoder.cpp */; };
		211C78011AD8B049004F29F6 /* v1_encoder.cpp in Sources */ = {isa = PBXBuildFile; fileRef = 211C77B11AD8B048004F29F6 /* v1_encoder.cpp */; };
		211C78021AD8B049004F29F6 /* v2_decoder.cpp in Sources */ = {isa = PBXBuildFile; fileRef = 211C77B31AD8B048004F29F6 /* v2_decoder.cpp */; };
		211C78031AD8B049004F29F6 /* v2_encoder.cpp in Sources */ = {isa = PBXBuildFile; fileRef = 211C77B51AD8B048004F29F6 /* v2_encoder.cpp */; };
		211C78041AD8B049004F29F6 /* xpub.cpp in Sources */ = {isa = PBXBuildFile; fileRef = 211C77BA1AD8B048004F29F6 /* xpub.cpp */; };
		211C78051AD8B049004F29F6 /* xsub.cpp in Sources */ = {isa = PBXBuildFile; fileRef = 211C77BC1AD8B048004F29F6 /* xsub.cpp */; };
		211C78061AD8B049004F29F6 /* zmq.cpp in Sources */ = {isa = PBXBuildFile; fileRef = 211C77C21AD8B049004F29F6 /* zmq.cpp */; };
		211C78071AD8B049004F29F6 /* zmq_utils.cpp in Sources */ = {isa = PBXBuildFile; fileRef = 211C77C31AD8B049004F29F6 /* zmq_utils.cpp */; };
		2128A29F1ADB67F700E64C46 /* BrowsingDelegate.m in Sources */ = {isa = PBXBuildFile; fileRef = 2128A29E1ADB67F700E64C46 /* BrowsingDelegate.m */; };
		2163E0FC1AFCB7E5000CBFBD /* PublishingDelegate.m in Sources */ = {isa = PBXBuildFile; fileRef = 2163E0FB1AFCB7E4000CBFBD /* PublishingDelegate.m */; };
/* End PBXBuildFile section */

/* Begin PBXContainerItemProxy section */
		211C770D1AD63710004F29F6 /* PBXContainerItemProxy */ = {
			isa = PBXContainerItemProxy;
			containerPortal = 211C76EB1AD63710004F29F6 /* Project object */;
			proxyType = 1;
			remoteGlobalIDString = 211C76F21AD63710004F29F6;
			remoteInfo = Giguesaur;
		};
/* End PBXContainerItemProxy section */

/* Begin PBXFileReference section */
		211C76F31AD63710004F29F6 /* Giguesaur.app */ = {isa = PBXFileReference; explicitFileType = wrapper.application; includeInIndex = 0; path = Giguesaur.app; sourceTree = BUILT_PRODUCTS_DIR; };
		211C76F71AD63710004F29F6 /* Info.plist */ = {isa = PBXFileReference; lastKnownFileType = text.plist.xml; path = Info.plist; sourceTree = "<group>"; };
		211C76F81AD63710004F29F6 /* main.m */ = {isa = PBXFileReference; lastKnownFileType = sourcecode.c.objc; path = main.m; sourceTree = "<group>"; };
		211C76FA1AD63710004F29F6 /* AppDelegate.h */ = {isa = PBXFileReference; lastKnownFileType = sourcecode.c.h; path = AppDelegate.h; sourceTree = "<group>"; };
		211C76FB1AD63710004F29F6 /* AppDelegate.m */ = {isa = PBXFileReference; lastKnownFileType = sourcecode.c.objc; path = AppDelegate.m; sourceTree = "<group>"; };
		211C76FD1AD63710004F29F6 /* ViewController.h */ = {isa = PBXFileReference; lastKnownFileType = sourcecode.c.h; path = ViewController.h; sourceTree = "<group>"; };
		211C76FE1AD63710004F29F6 /* ViewController.m */ = {isa = PBXFileReference; lastKnownFileType = sourcecode.c.objc; path = ViewController.m; sourceTree = "<group>"; };
		211C77011AD63710004F29F6 /* Base */ = {isa = PBXFileReference; lastKnownFileType = file.storyboard; name = Base; path = Base.lproj/Main.storyboard; sourceTree = "<group>"; };
		211C77031AD63710004F29F6 /* Images.xcassets */ = {isa = PBXFileReference; lastKnownFileType = folder.assetcatalog; path = Images.xcassets; sourceTree = "<group>"; };
		211C77061AD63710004F29F6 /* Base */ = {isa = PBXFileReference; lastKnownFileType = file.xib; name = Base; path = Base.lproj/LaunchScreen.xib; sourceTree = "<group>"; };
		211C770C1AD63710004F29F6 /* GiguesaurTests.xctest */ = {isa = PBXFileReference; explicitFileType = wrapper.cfbundle; includeInIndex = 0; path = GiguesaurTests.xctest; sourceTree = BUILT_PRODUCTS_DIR; };
		211C77111AD63710004F29F6 /* Info.plist */ = {isa = PBXFileReference; lastKnownFileType = text.plist.xml; path = Info.plist; sourceTree = "<group>"; };
		211C77121AD63710004F29F6 /* GiguesaurTests.m */ = {isa = PBXFileReference; lastKnownFileType = sourcecode.c.objc; path = GiguesaurTests.m; sourceTree = "<group>"; };
		211C771C1AD6391E004F29F6 /* ChatController.h */ = {isa = PBXFileReference; fileEncoding = 4; lastKnownFileType = sourcecode.c.h; path = ChatController.h; sourceTree = "<group>"; };
		211C771D1AD6391E004F29F6 /* ChatController.m */ = {isa = PBXFileReference; fileEncoding = 4; lastKnownFileType = sourcecode.c.objc; path = ChatController.m; sourceTree = "<group>"; };
		211C77201AD8B039004F29F6 /* zhelpers.h */ = {isa = PBXFileReference; fileEncoding = 4; lastKnownFileType = sourcecode.c.h; path = zhelpers.h; sourceTree = "<group>"; };
		211C77211AD8B039004F29F6 /* zmq.h */ = {isa = PBXFileReference; fileEncoding = 4; lastKnownFileType = sourcecode.c.h; path = zmq.h; sourceTree = "<group>"; };
		211C77221AD8B039004F29F6 /* zmq_utils.h */ = {isa = PBXFileReference; fileEncoding = 4; lastKnownFileType = sourcecode.c.h; path = zmq_utils.h; sourceTree = "<group>"; };
		211C77241AD8B048004F29F6 /* address.cpp */ = {isa = PBXFileReference; fileEncoding = 4; lastKnownFileType = sourcecode.cpp.cpp; path = address.cpp; sourceTree = "<group>"; };
		211C77251AD8B048004F29F6 /* address.hpp */ = {isa = PBXFileReference; fileEncoding = 4; lastKnownFileType = sourcecode.cpp.h; path = address.hpp; sourceTree = "<group>"; };
		211C77261AD8B048004F29F6 /* array.hpp */ = {isa = PBXFileReference; fileEncoding = 4; lastKnownFileType = sourcecode.cpp.h; path = array.hpp; sourceTree = "<group>"; };
		211C77271AD8B048004F29F6 /* atomic_counter.hpp */ = {isa = PBXFileReference; fileEncoding = 4; lastKnownFileType = sourcecode.cpp.h; path = atomic_counter.hpp; sourceTree = "<group>"; };
		211C77281AD8B048004F29F6 /* atomic_ptr.hpp */ = {isa = PBXFileReference; fileEncoding = 4; lastKnownFileType = sourcecode.cpp.h; path = atomic_ptr.hpp; sourceTree = "<group>"; };
		211C77291AD8B048004F29F6 /* blob.hpp */ = {isa = PBXFileReference; fileEncoding = 4; lastKnownFileType = sourcecode.cpp.h; path = blob.hpp; sourceTree = "<group>"; };
		211C772A1AD8B048004F29F6 /* clock.cpp */ = {isa = PBXFileReference; fileEncoding = 4; lastKnownFileType = sourcecode.cpp.cpp; path = clock.cpp; sourceTree = "<group>"; };
		211C772B1AD8B048004F29F6 /* clock.hpp */ = {isa = PBXFileReference; fileEncoding = 4; lastKnownFileType = sourcecode.cpp.h; path = clock.hpp; sourceTree = "<group>"; };
		211C772C1AD8B048004F29F6 /* command.hpp */ = {isa = PBXFileReference; fileEncoding = 4; lastKnownFileType = sourcecode.cpp.h; path = command.hpp; sourceTree = "<group>"; };
		211C772D1AD8B048004F29F6 /* config.hpp */ = {isa = PBXFileReference; fileEncoding = 4; lastKnownFileType = sourcecode.cpp.h; path = config.hpp; sourceTree = "<group>"; };
		211C772E1AD8B048004F29F6 /* ctx.cpp */ = {isa = PBXFileReference; fileEncoding = 4; lastKnownFileType = sourcecode.cpp.cpp; path = ctx.cpp; sourceTree = "<group>"; };
		211C772F1AD8B048004F29F6 /* ctx.hpp */ = {isa = PBXFileReference; fileEncoding = 4; lastKnownFileType = sourcecode.cpp.h; path = ctx.hpp; sourceTree = "<group>"; };
		211C77301AD8B048004F29F6 /* curve_client.cpp */ = {isa = PBXFileReference; fileEncoding = 4; lastKnownFileType = sourcecode.cpp.cpp; path = curve_client.cpp; sourceTree = "<group>"; };
		211C77311AD8B048004F29F6 /* curve_client.hpp */ = {isa = PBXFileReference; fileEncoding = 4; lastKnownFileType = sourcecode.cpp.h; path = curve_client.hpp; sourceTree = "<group>"; };
		211C77321AD8B048004F29F6 /* curve_server.cpp */ = {isa = PBXFileReference; fileEncoding = 4; lastKnownFileType = sourcecode.cpp.cpp; path = curve_server.cpp; sourceTree = "<group>"; };
		211C77331AD8B048004F29F6 /* curve_server.hpp */ = {isa = PBXFileReference; fileEncoding = 4; lastKnownFileType = sourcecode.cpp.h; path = curve_server.hpp; sourceTree = "<group>"; };
		211C77341AD8B048004F29F6 /* dbuffer.hpp */ = {isa = PBXFileReference; fileEncoding = 4; lastKnownFileType = sourcecode.cpp.h; path = dbuffer.hpp; sourceTree = "<group>"; };
		211C77351AD8B048004F29F6 /* dealer.cpp */ = {isa = PBXFileReference; fileEncoding = 4; lastKnownFileType = sourcecode.cpp.cpp; path = dealer.cpp; sourceTree = "<group>"; };
		211C77361AD8B048004F29F6 /* dealer.hpp */ = {isa = PBXFileReference; fileEncoding = 4; lastKnownFileType = sourcecode.cpp.h; path = dealer.hpp; sourceTree = "<group>"; };
		211C77371AD8B048004F29F6 /* decoder.hpp */ = {isa = PBXFileReference; fileEncoding = 4; lastKnownFileType = sourcecode.cpp.h; path = decoder.hpp; sourceTree = "<group>"; };
		211C77381AD8B048004F29F6 /* devpoll.cpp */ = {isa = PBXFileReference; fileEncoding = 4; lastKnownFileType = sourcecode.cpp.cpp; path = devpoll.cpp; sourceTree = "<group>"; };
		211C77391AD8B048004F29F6 /* devpoll.hpp */ = {isa = PBXFileReference; fileEncoding = 4; lastKnownFileType = sourcecode.cpp.h; path = devpoll.hpp; sourceTree = "<group>"; };
		211C773A1AD8B048004F29F6 /* dist.cpp */ = {isa = PBXFileReference; fileEncoding = 4; lastKnownFileType = sourcecode.cpp.cpp; path = dist.cpp; sourceTree = "<group>"; };
		211C773B1AD8B048004F29F6 /* dist.hpp */ = {isa = PBXFileReference; fileEncoding = 4; lastKnownFileType = sourcecode.cpp.h; path = dist.hpp; sourceTree = "<group>"; };
		211C773C1AD8B048004F29F6 /* encoder.hpp */ = {isa = PBXFileReference; fileEncoding = 4; lastKnownFileType = sourcecode.cpp.h; path = encoder.hpp; sourceTree = "<group>"; };
		211C773D1AD8B048004F29F6 /* epoll.cpp */ = {isa = PBXFileReference; fileEncoding = 4; lastKnownFileType = sourcecode.cpp.cpp; path = epoll.cpp; sourceTree = "<group>"; };
		211C773E1AD8B048004F29F6 /* epoll.hpp */ = {isa = PBXFileReference; fileEncoding = 4; lastKnownFileType = sourcecode.cpp.h; path = epoll.hpp; sourceTree = "<group>"; };
		211C773F1AD8B048004F29F6 /* err.cpp */ = {isa = PBXFileReference; fileEncoding = 4; lastKnownFileType = sourcecode.cpp.cpp; path = err.cpp; sourceTree = "<group>"; };
		211C77401AD8B048004F29F6 /* err.hpp */ = {isa = PBXFileReference; fileEncoding = 4; lastKnownFileType = sourcecode.cpp.h; path = err.hpp; sourceTree = "<group>"; };
		211C77411AD8B048004F29F6 /* fd.hpp */ = {isa = PBXFileReference; fileEncoding = 4; lastKnownFileType = sourcecode.cpp.h; path = fd.hpp; sourceTree = "<group>"; };
		211C77421AD8B048004F29F6 /* fq.cpp */ = {isa = PBXFileReference; fileEncoding = 4; lastKnownFileType = sourcecode.cpp.cpp; path = fq.cpp; sourceTree = "<group>"; };
		211C77431AD8B048004F29F6 /* fq.hpp */ = {isa = PBXFileReference; fileEncoding = 4; lastKnownFileType = sourcecode.cpp.h; path = fq.hpp; sourceTree = "<group>"; };
		211C77441AD8B048004F29F6 /* i_decoder.hpp */ = {isa = PBXFileReference; fileEncoding = 4; lastKnownFileType = sourcecode.cpp.h; path = i_decoder.hpp; sourceTree = "<group>"; };
		211C77451AD8B048004F29F6 /* i_encoder.hpp */ = {isa = PBXFileReference; fileEncoding = 4; lastKnownFileType = sourcecode.cpp.h; path = i_encoder.hpp; sourceTree = "<group>"; };
		211C77461AD8B048004F29F6 /* i_engine.hpp */ = {isa = PBXFileReference; fileEncoding = 4; lastKnownFileType = sourcecode.cpp.h; path = i_engine.hpp; sourceTree = "<group>"; };
		211C77471AD8B048004F29F6 /* i_poll_events.hpp */ = {isa = PBXFileReference; fileEncoding = 4; lastKnownFileType = sourcecode.cpp.h; path = i_poll_events.hpp; sourceTree = "<group>"; };
		211C77481AD8B048004F29F6 /* io_object.cpp */ = {isa = PBXFileReference; fileEncoding = 4; lastKnownFileType = sourcecode.cpp.cpp; path = io_object.cpp; sourceTree = "<group>"; };
		211C77491AD8B048004F29F6 /* io_object.hpp */ = {isa = PBXFileReference; fileEncoding = 4; lastKnownFileType = sourcecode.cpp.h; path = io_object.hpp; sourceTree = "<group>"; };
		211C774A1AD8B048004F29F6 /* io_thread.cpp */ = {isa = PBXFileReference; fileEncoding = 4; lastKnownFileType = sourcecode.cpp.cpp; path = io_thread.cpp; sourceTree = "<group>"; };
		211C774B1AD8B048004F29F6 /* io_thread.hpp */ = {isa = PBXFileReference; fileEncoding = 4; lastKnownFileType = sourcecode.cpp.h; path = io_thread.hpp; sourceTree = "<group>"; };
		211C774C1AD8B048004F29F6 /* ip.cpp */ = {isa = PBXFileReference; fileEncoding = 4; lastKnownFileType = sourcecode.cpp.cpp; path = ip.cpp; sourceTree = "<group>"; };
		211C774D1AD8B048004F29F6 /* ip.hpp */ = {isa = PBXFileReference; fileEncoding = 4; lastKnownFileType = sourcecode.cpp.h; path = ip.hpp; sourceTree = "<group>"; };
		211C774E1AD8B048004F29F6 /* ipc_address.cpp */ = {isa = PBXFileReference; fileEncoding = 4; lastKnownFileType = sourcecode.cpp.cpp; path = ipc_address.cpp; sourceTree = "<group>"; };
		211C774F1AD8B048004F29F6 /* ipc_address.hpp */ = {isa = PBXFileReference; fileEncoding = 4; lastKnownFileType = sourcecode.cpp.h; path = ipc_address.hpp; sourceTree = "<group>"; };
		211C77501AD8B048004F29F6 /* ipc_connecter.cpp */ = {isa = PBXFileReference; fileEncoding = 4; lastKnownFileType = sourcecode.cpp.cpp; path = ipc_connecter.cpp; sourceTree = "<group>"; };
		211C77511AD8B048004F29F6 /* ipc_connecter.hpp */ = {isa = PBXFileReference; fileEncoding = 4; lastKnownFileType = sourcecode.cpp.h; path = ipc_connecter.hpp; sourceTree = "<group>"; };
		211C77521AD8B048004F29F6 /* ipc_listener.cpp */ = {isa = PBXFileReference; fileEncoding = 4; lastKnownFileType = sourcecode.cpp.cpp; path = ipc_listener.cpp; sourceTree = "<group>"; };
		211C77531AD8B048004F29F6 /* ipc_listener.hpp */ = {isa = PBXFileReference; fileEncoding = 4; lastKnownFileType = sourcecode.cpp.h; path = ipc_listener.hpp; sourceTree = "<group>"; };
		211C77541AD8B048004F29F6 /* kqueue.cpp */ = {isa = PBXFileReference; fileEncoding = 4; lastKnownFileType = sourcecode.cpp.cpp; path = kqueue.cpp; sourceTree = "<group>"; };
		211C77551AD8B048004F29F6 /* kqueue.hpp */ = {isa = PBXFileReference; fileEncoding = 4; lastKnownFileType = sourcecode.cpp.h; path = kqueue.hpp; sourceTree = "<group>"; };
		211C77561AD8B048004F29F6 /* lb.cpp */ = {isa = PBXFileReference; fileEncoding = 4; lastKnownFileType = sourcecode.cpp.cpp; path = lb.cpp; sourceTree = "<group>"; };
		211C77571AD8B048004F29F6 /* lb.hpp */ = {isa = PBXFileReference; fileEncoding = 4; lastKnownFileType = sourcecode.cpp.h; path = lb.hpp; sourceTree = "<group>"; };
		211C77581AD8B048004F29F6 /* likely.hpp */ = {isa = PBXFileReference; fileEncoding = 4; lastKnownFileType = sourcecode.cpp.h; path = likely.hpp; sourceTree = "<group>"; };
		211C77591AD8B048004F29F6 /* mailbox.cpp */ = {isa = PBXFileReference; fileEncoding = 4; lastKnownFileType = sourcecode.cpp.cpp; path = mailbox.cpp; sourceTree = "<group>"; };
		211C775A1AD8B048004F29F6 /* mailbox.hpp */ = {isa = PBXFileReference; fileEncoding = 4; lastKnownFileType = sourcecode.cpp.h; path = mailbox.hpp; sourceTree = "<group>"; };
		211C775B1AD8B048004F29F6 /* mechanism.cpp */ = {isa = PBXFileReference; fileEncoding = 4; lastKnownFileType = sourcecode.cpp.cpp; path = mechanism.cpp; sourceTree = "<group>"; };
		211C775C1AD8B048004F29F6 /* mechanism.hpp */ = {isa = PBXFileReference; fileEncoding = 4; lastKnownFileType = sourcecode.cpp.h; path = mechanism.hpp; sourceTree = "<group>"; };
		211C775D1AD8B048004F29F6 /* msg.cpp */ = {isa = PBXFileReference; fileEncoding = 4; lastKnownFileType = sourcecode.cpp.cpp; path = msg.cpp; sourceTree = "<group>"; };
		211C775E1AD8B048004F29F6 /* msg.hpp */ = {isa = PBXFileReference; fileEncoding = 4; lastKnownFileType = sourcecode.cpp.h; path = msg.hpp; sourceTree = "<group>"; };
		211C775F1AD8B048004F29F6 /* mtrie.cpp */ = {isa = PBXFileReference; fileEncoding = 4; lastKnownFileType = sourcecode.cpp.cpp; path = mtrie.cpp; sourceTree = "<group>"; };
		211C77601AD8B048004F29F6 /* mtrie.hpp */ = {isa = PBXFileReference; fileEncoding = 4; lastKnownFileType = sourcecode.cpp.h; path = mtrie.hpp; sourceTree = "<group>"; };
		211C77611AD8B048004F29F6 /* mutex.hpp */ = {isa = PBXFileReference; fileEncoding = 4; lastKnownFileType = sourcecode.cpp.h; path = mutex.hpp; sourceTree = "<group>"; };
		211C77621AD8B048004F29F6 /* null_mechanism.cpp */ = {isa = PBXFileReference; fileEncoding = 4; lastKnownFileType = sourcecode.cpp.cpp; path = null_mechanism.cpp; sourceTree = "<group>"; };
		211C77631AD8B048004F29F6 /* null_mechanism.hpp */ = {isa = PBXFileReference; fileEncoding = 4; lastKnownFileType = sourcecode.cpp.h; path = null_mechanism.hpp; sourceTree = "<group>"; };
		211C77641AD8B048004F29F6 /* object.cpp */ = {isa = PBXFileReference; fileEncoding = 4; lastKnownFileType = sourcecode.cpp.cpp; path = object.cpp; sourceTree = "<group>"; };
		211C77651AD8B048004F29F6 /* object.hpp */ = {isa = PBXFileReference; fileEncoding = 4; lastKnownFileType = sourcecode.cpp.h; path = object.hpp; sourceTree = "<group>"; };
		211C77661AD8B048004F29F6 /* options.cpp */ = {isa = PBXFileReference; fileEncoding = 4; lastKnownFileType = sourcecode.cpp.cpp; path = options.cpp; sourceTree = "<group>"; };
		211C77671AD8B048004F29F6 /* options.hpp */ = {isa = PBXFileReference; fileEncoding = 4; lastKnownFileType = sourcecode.cpp.h; path = options.hpp; sourceTree = "<group>"; };
		211C77681AD8B048004F29F6 /* own.cpp */ = {isa = PBXFileReference; fileEncoding = 4; lastKnownFileType = sourcecode.cpp.cpp; path = own.cpp; sourceTree = "<group>"; };
		211C77691AD8B048004F29F6 /* own.hpp */ = {isa = PBXFileReference; fileEncoding = 4; lastKnownFileType = sourcecode.cpp.h; path = own.hpp; sourceTree = "<group>"; };
		211C776A1AD8B048004F29F6 /* pair.cpp */ = {isa = PBXFileReference; fileEncoding = 4; lastKnownFileType = sourcecode.cpp.cpp; path = pair.cpp; sourceTree = "<group>"; };
		211C776B1AD8B048004F29F6 /* pair.hpp */ = {isa = PBXFileReference; fileEncoding = 4; lastKnownFileType = sourcecode.cpp.h; path = pair.hpp; sourceTree = "<group>"; };
		211C776C1AD8B048004F29F6 /* pgm_receiver.cpp */ = {isa = PBXFileReference; fileEncoding = 4; lastKnownFileType = sourcecode.cpp.cpp; path = pgm_receiver.cpp; sourceTree = "<group>"; };
		211C776D1AD8B048004F29F6 /* pgm_receiver.hpp */ = {isa = PBXFileReference; fileEncoding = 4; lastKnownFileType = sourcecode.cpp.h; path = pgm_receiver.hpp; sourceTree = "<group>"; };
		211C776E1AD8B048004F29F6 /* pgm_sender.cpp */ = {isa = PBXFileReference; fileEncoding = 4; lastKnownFileType = sourcecode.cpp.cpp; path = pgm_sender.cpp; sourceTree = "<group>"; };
		211C776F1AD8B048004F29F6 /* pgm_sender.hpp */ = {isa = PBXFileReference; fileEncoding = 4; lastKnownFileType = sourcecode.cpp.h; path = pgm_sender.hpp; sourceTree = "<group>"; };
		211C77701AD8B048004F29F6 /* pgm_socket.cpp */ = {isa = PBXFileReference; fileEncoding = 4; lastKnownFileType = sourcecode.cpp.cpp; path = pgm_socket.cpp; sourceTree = "<group>"; };
		211C77711AD8B048004F29F6 /* pgm_socket.hpp */ = {isa = PBXFileReference; fileEncoding = 4; lastKnownFileType = sourcecode.cpp.h; path = pgm_socket.hpp; sourceTree = "<group>"; };
		211C77721AD8B048004F29F6 /* pipe.cpp */ = {isa = PBXFileReference; fileEncoding = 4; lastKnownFileType = sourcecode.cpp.cpp; path = pipe.cpp; sourceTree = "<group>"; };
		211C77731AD8B048004F29F6 /* pipe.hpp */ = {isa = PBXFileReference; fileEncoding = 4; lastKnownFileType = sourcecode.cpp.h; path = pipe.hpp; sourceTree = "<group>"; };
		211C77741AD8B048004F29F6 /* plain_mechanism.cpp */ = {isa = PBXFileReference; fileEncoding = 4; lastKnownFileType = sourcecode.cpp.cpp; path = plain_mechanism.cpp; sourceTree = "<group>"; };
		211C77751AD8B048004F29F6 /* plain_mechanism.hpp */ = {isa = PBXFileReference; fileEncoding = 4; lastKnownFileType = sourcecode.cpp.h; path = plain_mechanism.hpp; sourceTree = "<group>"; };
		211C77761AD8B048004F29F6 /* platform.hpp */ = {isa = PBXFileReference; fileEncoding = 4; lastKnownFileType = sourcecode.cpp.h; path = platform.hpp; sourceTree = "<group>"; };
		211C77771AD8B048004F29F6 /* poll.cpp */ = {isa = PBXFileReference; fileEncoding = 4; lastKnownFileType = sourcecode.cpp.cpp; path = poll.cpp; sourceTree = "<group>"; };
		211C77781AD8B048004F29F6 /* poll.hpp */ = {isa = PBXFileReference; fileEncoding = 4; lastKnownFileType = sourcecode.cpp.h; path = poll.hpp; sourceTree = "<group>"; };
		211C77791AD8B048004F29F6 /* poller.hpp */ = {isa = PBXFileReference; fileEncoding = 4; lastKnownFileType = sourcecode.cpp.h; path = poller.hpp; sourceTree = "<group>"; };
		211C777A1AD8B048004F29F6 /* poller_base.cpp */ = {isa = PBXFileReference; fileEncoding = 4; lastKnownFileType = sourcecode.cpp.cpp; path = poller_base.cpp; sourceTree = "<group>"; };
		211C777B1AD8B048004F29F6 /* poller_base.hpp */ = {isa = PBXFileReference; fileEncoding = 4; lastKnownFileType = sourcecode.cpp.h; path = poller_base.hpp; sourceTree = "<group>"; };
		211C777C1AD8B048004F29F6 /* precompiled.cpp */ = {isa = PBXFileReference; fileEncoding = 4; lastKnownFileType = sourcecode.cpp.cpp; path = precompiled.cpp; sourceTree = "<group>"; };
		211C777D1AD8B048004F29F6 /* precompiled.hpp */ = {isa = PBXFileReference; fileEncoding = 4; lastKnownFileType = sourcecode.cpp.h; path = precompiled.hpp; sourceTree = "<group>"; };
		211C777E1AD8B048004F29F6 /* proxy.cpp */ = {isa = PBXFileReference; fileEncoding = 4; lastKnownFileType = sourcecode.cpp.cpp; path = proxy.cpp; sourceTree = "<group>"; };
		211C777F1AD8B048004F29F6 /* proxy.hpp */ = {isa = PBXFileReference; fileEncoding = 4; lastKnownFileType = sourcecode.cpp.h; path = proxy.hpp; sourceTree = "<group>"; };
		211C77801AD8B048004F29F6 /* pub.cpp */ = {isa = PBXFileReference; fileEncoding = 4; lastKnownFileType = sourcecode.cpp.cpp; path = pub.cpp; sourceTree = "<group>"; };
		211C77811AD8B048004F29F6 /* pub.hpp */ = {isa = PBXFileReference; fileEncoding = 4; lastKnownFileType = sourcecode.cpp.h; path = pub.hpp; sourceTree = "<group>"; };
		211C77821AD8B048004F29F6 /* pull.cpp */ = {isa = PBXFileReference; fileEncoding = 4; lastKnownFileType = sourcecode.cpp.cpp; path = pull.cpp; sourceTree = "<group>"; };
		211C77831AD8B048004F29F6 /* pull.hpp */ = {isa = PBXFileReference; fileEncoding = 4; lastKnownFileType = sourcecode.cpp.h; path = pull.hpp; sourceTree = "<group>"; };
		211C77841AD8B048004F29F6 /* push.cpp */ = {isa = PBXFileReference; fileEncoding = 4; lastKnownFileType = sourcecode.cpp.cpp; path = push.cpp; sourceTree = "<group>"; };
		211C77851AD8B048004F29F6 /* push.hpp */ = {isa = PBXFileReference; fileEncoding = 4; lastKnownFileType = sourcecode.cpp.h; path = push.hpp; sourceTree = "<group>"; };
		211C77861AD8B048004F29F6 /* random.cpp */ = {isa = PBXFileReference; fileEncoding = 4; lastKnownFileType = sourcecode.cpp.cpp; path = random.cpp; sourceTree = "<group>"; };
		211C77871AD8B048004F29F6 /* random.hpp */ = {isa = PBXFileReference; fileEncoding = 4; lastKnownFileType = sourcecode.cpp.h; path = random.hpp; sourceTree = "<group>"; };
		211C77881AD8B048004F29F6 /* raw_decoder.cpp */ = {isa = PBXFileReference; fileEncoding = 4; lastKnownFileType = sourcecode.cpp.cpp; path = raw_decoder.cpp; sourceTree = "<group>"; };
		211C77891AD8B048004F29F6 /* raw_decoder.hpp */ = {isa = PBXFileReference; fileEncoding = 4; lastKnownFileType = sourcecode.cpp.h; path = raw_decoder.hpp; sourceTree = "<group>"; };
		211C778A1AD8B048004F29F6 /* raw_encoder.cpp */ = {isa = PBXFileReference; fileEncoding = 4; lastKnownFileType = sourcecode.cpp.cpp; path = raw_encoder.cpp; sourceTree = "<group>"; };
		211C778B1AD8B048004F29F6 /* raw_encoder.hpp */ = {isa = PBXFileReference; fileEncoding = 4; lastKnownFileType = sourcecode.cpp.h; path = raw_encoder.hpp; sourceTree = "<group>"; };
		211C778C1AD8B048004F29F6 /* reaper.cpp */ = {isa = PBXFileReference; fileEncoding = 4; lastKnownFileType = sourcecode.cpp.cpp; path = reaper.cpp; sourceTree = "<group>"; };
		211C778D1AD8B048004F29F6 /* reaper.hpp */ = {isa = PBXFileReference; fileEncoding = 4; lastKnownFileType = sourcecode.cpp.h; path = reaper.hpp; sourceTree = "<group>"; };
		211C778E1AD8B048004F29F6 /* rep.cpp */ = {isa = PBXFileReference; fileEncoding = 4; lastKnownFileType = sourcecode.cpp.cpp; path = rep.cpp; sourceTree = "<group>"; };
		211C778F1AD8B048004F29F6 /* rep.hpp */ = {isa = PBXFileReference; fileEncoding = 4; lastKnownFileType = sourcecode.cpp.h; path = rep.hpp; sourceTree = "<group>"; };
		211C77901AD8B048004F29F6 /* req.cpp */ = {isa = PBXFileReference; fileEncoding = 4; lastKnownFileType = sourcecode.cpp.cpp; path = req.cpp; sourceTree = "<group>"; };
		211C77911AD8B048004F29F6 /* req.hpp */ = {isa = PBXFileReference; fileEncoding = 4; lastKnownFileType = sourcecode.cpp.h; path = req.hpp; sourceTree = "<group>"; };
		211C77921AD8B048004F29F6 /* router.cpp */ = {isa = PBXFileReference; fileEncoding = 4; lastKnownFileType = sourcecode.cpp.cpp; path = router.cpp; sourceTree = "<group>"; };
		211C77931AD8B048004F29F6 /* router.hpp */ = {isa = PBXFileReference; fileEncoding = 4; lastKnownFileType = sourcecode.cpp.h; path = router.hpp; sourceTree = "<group>"; };
		211C77941AD8B048004F29F6 /* select.cpp */ = {isa = PBXFileReference; fileEncoding = 4; lastKnownFileType = sourcecode.cpp.cpp; path = select.cpp; sourceTree = "<group>"; };
		211C77951AD8B048004F29F6 /* select.hpp */ = {isa = PBXFileReference; fileEncoding = 4; lastKnownFileType = sourcecode.cpp.h; path = select.hpp; sourceTree = "<group>"; };
		211C77961AD8B048004F29F6 /* session_base.cpp */ = {isa = PBXFileReference; fileEncoding = 4; lastKnownFileType = sourcecode.cpp.cpp; path = session_base.cpp; sourceTree = "<group>"; };
		211C77971AD8B048004F29F6 /* session_base.hpp */ = {isa = PBXFileReference; fileEncoding = 4; lastKnownFileType = sourcecode.cpp.h; path = session_base.hpp; sourceTree = "<group>"; };
		211C77981AD8B048004F29F6 /* signaler.cpp */ = {isa = PBXFileReference; fileEncoding = 4; lastKnownFileType = sourcecode.cpp.cpp; path = signaler.cpp; sourceTree = "<group>"; };
		211C77991AD8B048004F29F6 /* signaler.hpp */ = {isa = PBXFileReference; fileEncoding = 4; lastKnownFileType = sourcecode.cpp.h; path = signaler.hpp; sourceTree = "<group>"; };
		211C779A1AD8B048004F29F6 /* socket_base.cpp */ = {isa = PBXFileReference; fileEncoding = 4; lastKnownFileType = sourcecode.cpp.cpp; path = socket_base.cpp; sourceTree = "<group>"; };
		211C779B1AD8B048004F29F6 /* socket_base.hpp */ = {isa = PBXFileReference; fileEncoding = 4; lastKnownFileType = sourcecode.cpp.h; path = socket_base.hpp; sourceTree = "<group>"; };
		211C779C1AD8B048004F29F6 /* stdint.hpp */ = {isa = PBXFileReference; fileEncoding = 4; lastKnownFileType = sourcecode.cpp.h; path = stdint.hpp; sourceTree = "<group>"; };
		211C779D1AD8B048004F29F6 /* stream.cpp */ = {isa = PBXFileReference; fileEncoding = 4; lastKnownFileType = sourcecode.cpp.cpp; path = stream.cpp; sourceTree = "<group>"; };
		211C779E1AD8B048004F29F6 /* stream.hpp */ = {isa = PBXFileReference; fileEncoding = 4; lastKnownFileType = sourcecode.cpp.h; path = stream.hpp; sourceTree = "<group>"; };
		211C779F1AD8B048004F29F6 /* stream_engine.cpp */ = {isa = PBXFileReference; fileEncoding = 4; lastKnownFileType = sourcecode.cpp.cpp; path = stream_engine.cpp; sourceTree = "<group>"; };
		211C77A01AD8B048004F29F6 /* stream_engine.hpp */ = {isa = PBXFileReference; fileEncoding = 4; lastKnownFileType = sourcecode.cpp.h; path = stream_engine.hpp; sourceTree = "<group>"; };
		211C77A11AD8B048004F29F6 /* sub.cpp */ = {isa = PBXFileReference; fileEncoding = 4; lastKnownFileType = sourcecode.cpp.cpp; path = sub.cpp; sourceTree = "<group>"; };
		211C77A21AD8B048004F29F6 /* sub.hpp */ = {isa = PBXFileReference; fileEncoding = 4; lastKnownFileType = sourcecode.cpp.h; path = sub.hpp; sourceTree = "<group>"; };
		211C77A31AD8B048004F29F6 /* tcp.cpp */ = {isa = PBXFileReference; fileEncoding = 4; lastKnownFileType = sourcecode.cpp.cpp; path = tcp.cpp; sourceTree = "<group>"; };
		211C77A41AD8B048004F29F6 /* tcp.hpp */ = {isa = PBXFileReference; fileEncoding = 4; lastKnownFileType = sourcecode.cpp.h; path = tcp.hpp; sourceTree = "<group>"; };
		211C77A51AD8B048004F29F6 /* tcp_address.cpp */ = {isa = PBXFileReference; fileEncoding = 4; lastKnownFileType = sourcecode.cpp.cpp; path = tcp_address.cpp; sourceTree = "<group>"; };
		211C77A61AD8B048004F29F6 /* tcp_address.hpp */ = {isa = PBXFileReference; fileEncoding = 4; lastKnownFileType = sourcecode.cpp.h; path = tcp_address.hpp; sourceTree = "<group>"; };
		211C77A71AD8B048004F29F6 /* tcp_connecter.cpp */ = {isa = PBXFileReference; fileEncoding = 4; lastKnownFileType = sourcecode.cpp.cpp; path = tcp_connecter.cpp; sourceTree = "<group>"; };
		211C77A81AD8B048004F29F6 /* tcp_connecter.hpp */ = {isa = PBXFileReference; fileEncoding = 4; lastKnownFileType = sourcecode.cpp.h; path = tcp_connecter.hpp; sourceTree = "<group>"; };
		211C77A91AD8B048004F29F6 /* tcp_listener.cpp */ = {isa = PBXFileReference; fileEncoding = 4; lastKnownFileType = sourcecode.cpp.cpp; path = tcp_listener.cpp; sourceTree = "<group>"; };
		211C77AA1AD8B048004F29F6 /* tcp_listener.hpp */ = {isa = PBXFileReference; fileEncoding = 4; lastKnownFileType = sourcecode.cpp.h; path = tcp_listener.hpp; sourceTree = "<group>"; };
		211C77AB1AD8B048004F29F6 /* thread.cpp */ = {isa = PBXFileReference; fileEncoding = 4; lastKnownFileType = sourcecode.cpp.cpp; path = thread.cpp; sourceTree = "<group>"; };
		211C77AC1AD8B048004F29F6 /* thread.hpp */ = {isa = PBXFileReference; fileEncoding = 4; lastKnownFileType = sourcecode.cpp.h; path = thread.hpp; sourceTree = "<group>"; };
		211C77AD1AD8B048004F29F6 /* trie.cpp */ = {isa = PBXFileReference; fileEncoding = 4; lastKnownFileType = sourcecode.cpp.cpp; path = trie.cpp; sourceTree = "<group>"; };
		211C77AE1AD8B048004F29F6 /* trie.hpp */ = {isa = PBXFileReference; fileEncoding = 4; lastKnownFileType = sourcecode.cpp.h; path = trie.hpp; sourceTree = "<group>"; };
		211C77AF1AD8B048004F29F6 /* v1_decoder.cpp */ = {isa = PBXFileReference; fileEncoding = 4; lastKnownFileType = sourcecode.cpp.cpp; path = v1_decoder.cpp; sourceTree = "<group>"; };
		211C77B01AD8B048004F29F6 /* v1_decoder.hpp */ = {isa = PBXFileReference; fileEncoding = 4; lastKnownFileType = sourcecode.cpp.h; path = v1_decoder.hpp; sourceTree = "<group>"; };
		211C77B11AD8B048004F29F6 /* v1_encoder.cpp */ = {isa = PBXFileReference; fileEncoding = 4; lastKnownFileType = sourcecode.cpp.cpp; path = v1_encoder.cpp; sourceTree = "<group>"; };
		211C77B21AD8B048004F29F6 /* v1_encoder.hpp */ = {isa = PBXFileReference; fileEncoding = 4; lastKnownFileType = sourcecode.cpp.h; path = v1_encoder.hpp; sourceTree = "<group>"; };
		211C77B31AD8B048004F29F6 /* v2_decoder.cpp */ = {isa = PBXFileReference; fileEncoding = 4; lastKnownFileType = sourcecode.cpp.cpp; path = v2_decoder.cpp; sourceTree = "<group>"; };
		211C77B41AD8B048004F29F6 /* v2_decoder.hpp */ = {isa = PBXFileReference; fileEncoding = 4; lastKnownFileType = sourcecode.cpp.h; path = v2_decoder.hpp; sourceTree = "<group>"; };
		211C77B51AD8B048004F29F6 /* v2_encoder.cpp */ = {isa = PBXFileReference; fileEncoding = 4; lastKnownFileType = sourcecode.cpp.cpp; path = v2_encoder.cpp; sourceTree = "<group>"; };
		211C77B61AD8B048004F29F6 /* v2_encoder.hpp */ = {isa = PBXFileReference; fileEncoding = 4; lastKnownFileType = sourcecode.cpp.h; path = v2_encoder.hpp; sourceTree = "<group>"; };
		211C77B71AD8B048004F29F6 /* v2_protocol.hpp */ = {isa = PBXFileReference; fileEncoding = 4; lastKnownFileType = sourcecode.cpp.h; path = v2_protocol.hpp; sourceTree = "<group>"; };
		211C77B81AD8B048004F29F6 /* windows.hpp */ = {isa = PBXFileReference; fileEncoding = 4; lastKnownFileType = sourcecode.cpp.h; path = windows.hpp; sourceTree = "<group>"; };
		211C77B91AD8B048004F29F6 /* wire.hpp */ = {isa = PBXFileReference; fileEncoding = 4; lastKnownFileType = sourcecode.cpp.h; path = wire.hpp; sourceTree = "<group>"; };
		211C77BA1AD8B048004F29F6 /* xpub.cpp */ = {isa = PBXFileReference; fileEncoding = 4; lastKnownFileType = sourcecode.cpp.cpp; path = xpub.cpp; sourceTree = "<group>"; };
		211C77BB1AD8B048004F29F6 /* xpub.hpp */ = {isa = PBXFileReference; fileEncoding = 4; lastKnownFileType = sourcecode.cpp.h; path = xpub.hpp; sourceTree = "<group>"; };
		211C77BC1AD8B048004F29F6 /* xsub.cpp */ = {isa = PBXFileReference; fileEncoding = 4; lastKnownFileType = sourcecode.cpp.cpp; path = xsub.cpp; sourceTree = "<group>"; };
		211C77BD1AD8B048004F29F6 /* xsub.hpp */ = {isa = PBXFileReference; fileEncoding = 4; lastKnownFileType = sourcecode.cpp.h; path = xsub.hpp; sourceTree = "<group>"; };
		211C77BE1AD8B048004F29F6 /* ypipe.hpp */ = {isa = PBXFileReference; fileEncoding = 4; lastKnownFileType = sourcecode.cpp.h; path = ypipe.hpp; sourceTree = "<group>"; };
		211C77BF1AD8B048004F29F6 /* ypipe_base.hpp */ = {isa = PBXFileReference; fileEncoding = 4; lastKnownFileType = sourcecode.cpp.h; path = ypipe_base.hpp; sourceTree = "<group>"; };
		211C77C01AD8B049004F29F6 /* ypipe_conflate.hpp */ = {isa = PBXFileReference; fileEncoding = 4; lastKnownFileType = sourcecode.cpp.h; path = ypipe_conflate.hpp; sourceTree = "<group>"; };
		211C77C11AD8B049004F29F6 /* yqueue.hpp */ = {isa = PBXFileReference; fileEncoding = 4; lastKnownFileType = sourcecode.cpp.h; path = yqueue.hpp; sourceTree = "<group>"; };
		211C77C21AD8B049004F29F6 /* zmq.cpp */ = {isa = PBXFileReference; fileEncoding = 4; lastKnownFileType = sourcecode.cpp.cpp; path = zmq.cpp; sourceTree = "<group>"; };
		211C77C31AD8B049004F29F6 /* zmq_utils.cpp */ = {isa = PBXFileReference; fileEncoding = 4; lastKnownFileType = sourcecode.cpp.cpp; path = zmq_utils.cpp; sourceTree = "<group>"; };
		2128A29E1ADB67F700E64C46 /* BrowsingDelegate.m */ = {isa = PBXFileReference; fileEncoding = 4; lastKnownFileType = sourcecode.c.objc; path = BrowsingDelegate.m; sourceTree = "<group>"; };
		2128A2A01ADB67FB00E64C46 /* BrowsingDelegate.h */ = {isa = PBXFileReference; lastKnownFileType = sourcecode.c.h; path = BrowsingDelegate.h; sourceTree = "<group>"; };
		2163E0FA1AFCB7E4000CBFBD /* PublishingDelegate.h */ = {isa = PBXFileReference; fileEncoding = 4; lastKnownFileType = sourcecode.c.h; path = PublishingDelegate.h; sourceTree = "<group>"; };
		2163E0FB1AFCB7E4000CBFBD /* PublishingDelegate.m */ = {isa = PBXFileReference; fileEncoding = 4; lastKnownFileType = sourcecode.c.objc; path = PublishingDelegate.m; sourceTree = "<group>"; };
/* End PBXFileReference section */

/* Begin PBXFrameworksBuildPhase section */
		211C76F01AD63710004F29F6 /* Frameworks */ = {
			isa = PBXFrameworksBuildPhase;
			buildActionMask = 2147483647;
			files = (
			);
			runOnlyForDeploymentPostprocessing = 0;
		};
		211C77091AD63710004F29F6 /* Frameworks */ = {
			isa = PBXFrameworksBuildPhase;
			buildActionMask = 2147483647;
			files = (
			);
			runOnlyForDeploymentPostprocessing = 0;
		};
/* End PBXFrameworksBuildPhase section */

/* Begin PBXGroup section */
		211C76EA1AD63710004F29F6 = {
			isa = PBXGroup;
			children = (
				211C77231AD8B048004F29F6 /* src */,
				211C771F1AD8B039004F29F6 /* include */,
				211C76F51AD63710004F29F6 /* Giguesaur */,
				211C770F1AD63710004F29F6 /* GiguesaurTests */,
				211C76F41AD63710004F29F6 /* Products */,
			);
			sourceTree = "<group>";
		};
		211C76F41AD63710004F29F6 /* Products */ = {
			isa = PBXGroup;
			children = (
				211C76F31AD63710004F29F6 /* Giguesaur.app */,
				211C770C1AD63710004F29F6 /* GiguesaurTests.xctest */,
			);
			name = Products;
			sourceTree = "<group>";
		};
		211C76F51AD63710004F29F6 /* Giguesaur */ = {
			isa = PBXGroup;
			children = (
				2128A2A01ADB67FB00E64C46 /* BrowsingDelegate.h */,
				2128A29E1ADB67F700E64C46 /* BrowsingDelegate.m */,
				211C76FA1AD63710004F29F6 /* AppDelegate.h */,
				211C76FB1AD63710004F29F6 /* AppDelegate.m */,
				211C76FD1AD63710004F29F6 /* ViewController.h */,
				211C76FE1AD63710004F29F6 /* ViewController.m */,
				211C771C1AD6391E004F29F6 /* ChatController.h */,
				211C771D1AD6391E004F29F6 /* ChatController.m */,
				211C77001AD63710004F29F6 /* Main.storyboard */,
				211C77031AD63710004F29F6 /* Images.xcassets */,
				211C77051AD63710004F29F6 /* LaunchScreen.xib */,
				2163E0FA1AFCB7E4000CBFBD /* PublishingDelegate.h */,
				2163E0FB1AFCB7E4000CBFBD /* PublishingDelegate.m */,
				211C76F61AD63710004F29F6 /* Supporting Files */,
			);
			path = Giguesaur;
			sourceTree = "<group>";
		};
		211C76F61AD63710004F29F6 /* Supporting Files */ = {
			isa = PBXGroup;
			children = (
				211C76F71AD63710004F29F6 /* Info.plist */,
				211C76F81AD63710004F29F6 /* main.m */,
			);
			name = "Supporting Files";
			sourceTree = "<group>";
		};
		211C770F1AD63710004F29F6 /* GiguesaurTests */ = {
			isa = PBXGroup;
			children = (
				211C77121AD63710004F29F6 /* GiguesaurTests.m */,
				211C77101AD63710004F29F6 /* Supporting Files */,
			);
			path = GiguesaurTests;
			sourceTree = "<group>";
		};
		211C77101AD63710004F29F6 /* Supporting Files */ = {
			isa = PBXGroup;
			children = (
				211C77111AD63710004F29F6 /* Info.plist */,
			);
			name = "Supporting Files";
			sourceTree = "<group>";
		};
		211C771F1AD8B039004F29F6 /* include */ = {
			isa = PBXGroup;
			children = (
				211C77201AD8B039004F29F6 /* zhelpers.h */,
				211C77211AD8B039004F29F6 /* zmq.h */,
				211C77221AD8B039004F29F6 /* zmq_utils.h */,
			);
			path = include;
			sourceTree = "<group>";
		};
		211C77231AD8B048004F29F6 /* src */ = {
			isa = PBXGroup;
			children = (
				211C77241AD8B048004F29F6 /* address.cpp */,
				211C77251AD8B048004F29F6 /* address.hpp */,
				211C77261AD8B048004F29F6 /* array.hpp */,
				211C77271AD8B048004F29F6 /* atomic_counter.hpp */,
				211C77281AD8B048004F29F6 /* atomic_ptr.hpp */,
				211C77291AD8B048004F29F6 /* blob.hpp */,
				211C772A1AD8B048004F29F6 /* clock.cpp */,
				211C772B1AD8B048004F29F6 /* clock.hpp */,
				211C772C1AD8B048004F29F6 /* command.hpp */,
				211C772D1AD8B048004F29F6 /* config.hpp */,
				211C772E1AD8B048004F29F6 /* ctx.cpp */,
				211C772F1AD8B048004F29F6 /* ctx.hpp */,
				211C77301AD8B048004F29F6 /* curve_client.cpp */,
				211C77311AD8B048004F29F6 /* curve_client.hpp */,
				211C77321AD8B048004F29F6 /* curve_server.cpp */,
				211C77331AD8B048004F29F6 /* curve_server.hpp */,
				211C77341AD8B048004F29F6 /* dbuffer.hpp */,
				211C77351AD8B048004F29F6 /* dealer.cpp */,
				211C77361AD8B048004F29F6 /* dealer.hpp */,
				211C77371AD8B048004F29F6 /* decoder.hpp */,
				211C77381AD8B048004F29F6 /* devpoll.cpp */,
				211C77391AD8B048004F29F6 /* devpoll.hpp */,
				211C773A1AD8B048004F29F6 /* dist.cpp */,
				211C773B1AD8B048004F29F6 /* dist.hpp */,
				211C773C1AD8B048004F29F6 /* encoder.hpp */,
				211C773D1AD8B048004F29F6 /* epoll.cpp */,
				211C773E1AD8B048004F29F6 /* epoll.hpp */,
				211C773F1AD8B048004F29F6 /* err.cpp */,
				211C77401AD8B048004F29F6 /* err.hpp */,
				211C77411AD8B048004F29F6 /* fd.hpp */,
				211C77421AD8B048004F29F6 /* fq.cpp */,
				211C77431AD8B048004F29F6 /* fq.hpp */,
				211C77441AD8B048004F29F6 /* i_decoder.hpp */,
				211C77451AD8B048004F29F6 /* i_encoder.hpp */,
				211C77461AD8B048004F29F6 /* i_engine.hpp */,
				211C77471AD8B048004F29F6 /* i_poll_events.hpp */,
				211C77481AD8B048004F29F6 /* io_object.cpp */,
				211C77491AD8B048004F29F6 /* io_object.hpp */,
				211C774A1AD8B048004F29F6 /* io_thread.cpp */,
				211C774B1AD8B048004F29F6 /* io_thread.hpp */,
				211C774C1AD8B048004F29F6 /* ip.cpp */,
				211C774D1AD8B048004F29F6 /* ip.hpp */,
				211C774E1AD8B048004F29F6 /* ipc_address.cpp */,
				211C774F1AD8B048004F29F6 /* ipc_address.hpp */,
				211C77501AD8B048004F29F6 /* ipc_connecter.cpp */,
				211C77511AD8B048004F29F6 /* ipc_connecter.hpp */,
				211C77521AD8B048004F29F6 /* ipc_listener.cpp */,
				211C77531AD8B048004F29F6 /* ipc_listener.hpp */,
				211C77541AD8B048004F29F6 /* kqueue.cpp */,
				211C77551AD8B048004F29F6 /* kqueue.hpp */,
				211C77561AD8B048004F29F6 /* lb.cpp */,
				211C77571AD8B048004F29F6 /* lb.hpp */,
				211C77581AD8B048004F29F6 /* likely.hpp */,
				211C77591AD8B048004F29F6 /* mailbox.cpp */,
				211C775A1AD8B048004F29F6 /* mailbox.hpp */,
				211C775B1AD8B048004F29F6 /* mechanism.cpp */,
				211C775C1AD8B048004F29F6 /* mechanism.hpp */,
				211C775D1AD8B048004F29F6 /* msg.cpp */,
				211C775E1AD8B048004F29F6 /* msg.hpp */,
				211C775F1AD8B048004F29F6 /* mtrie.cpp */,
				211C77601AD8B048004F29F6 /* mtrie.hpp */,
				211C77611AD8B048004F29F6 /* mutex.hpp */,
				211C77621AD8B048004F29F6 /* null_mechanism.cpp */,
				211C77631AD8B048004F29F6 /* null_mechanism.hpp */,
				211C77641AD8B048004F29F6 /* object.cpp */,
				211C77651AD8B048004F29F6 /* object.hpp */,
				211C77661AD8B048004F29F6 /* options.cpp */,
				211C77671AD8B048004F29F6 /* options.hpp */,
				211C77681AD8B048004F29F6 /* own.cpp */,
				211C77691AD8B048004F29F6 /* own.hpp */,
				211C776A1AD8B048004F29F6 /* pair.cpp */,
				211C776B1AD8B048004F29F6 /* pair.hpp */,
				211C776C1AD8B048004F29F6 /* pgm_receiver.cpp */,
				211C776D1AD8B048004F29F6 /* pgm_receiver.hpp */,
				211C776E1AD8B048004F29F6 /* pgm_sender.cpp */,
				211C776F1AD8B048004F29F6 /* pgm_sender.hpp */,
				211C77701AD8B048004F29F6 /* pgm_socket.cpp */,
				211C77711AD8B048004F29F6 /* pgm_socket.hpp */,
				211C77721AD8B048004F29F6 /* pipe.cpp */,
				211C77731AD8B048004F29F6 /* pipe.hpp */,
				211C77741AD8B048004F29F6 /* plain_mechanism.cpp */,
				211C77751AD8B048004F29F6 /* plain_mechanism.hpp */,
				211C77761AD8B048004F29F6 /* platform.hpp */,
				211C77771AD8B048004F29F6 /* poll.cpp */,
				211C77781AD8B048004F29F6 /* poll.hpp */,
				211C77791AD8B048004F29F6 /* poller.hpp */,
				211C777A1AD8B048004F29F6 /* poller_base.cpp */,
				211C777B1AD8B048004F29F6 /* poller_base.hpp */,
				211C777C1AD8B048004F29F6 /* precompiled.cpp */,
				211C777D1AD8B048004F29F6 /* precompiled.hpp */,
				211C777E1AD8B048004F29F6 /* proxy.cpp */,
				211C777F1AD8B048004F29F6 /* proxy.hpp */,
				211C77801AD8B048004F29F6 /* pub.cpp */,
				211C77811AD8B048004F29F6 /* pub.hpp */,
				211C77821AD8B048004F29F6 /* pull.cpp */,
				211C77831AD8B048004F29F6 /* pull.hpp */,
				211C77841AD8B048004F29F6 /* push.cpp */,
				211C77851AD8B048004F29F6 /* push.hpp */,
				211C77861AD8B048004F29F6 /* random.cpp */,
				211C77871AD8B048004F29F6 /* random.hpp */,
				211C77881AD8B048004F29F6 /* raw_decoder.cpp */,
				211C77891AD8B048004F29F6 /* raw_decoder.hpp */,
				211C778A1AD8B048004F29F6 /* raw_encoder.cpp */,
				211C778B1AD8B048004F29F6 /* raw_encoder.hpp */,
				211C778C1AD8B048004F29F6 /* reaper.cpp */,
				211C778D1AD8B048004F29F6 /* reaper.hpp */,
				211C778E1AD8B048004F29F6 /* rep.cpp */,
				211C778F1AD8B048004F29F6 /* rep.hpp */,
				211C77901AD8B048004F29F6 /* req.cpp */,
				211C77911AD8B048004F29F6 /* req.hpp */,
				211C77921AD8B048004F29F6 /* router.cpp */,
				211C77931AD8B048004F29F6 /* router.hpp */,
				211C77941AD8B048004F29F6 /* select.cpp */,
				211C77951AD8B048004F29F6 /* select.hpp */,
				211C77961AD8B048004F29F6 /* session_base.cpp */,
				211C77971AD8B048004F29F6 /* session_base.hpp */,
				211C77981AD8B048004F29F6 /* signaler.cpp */,
				211C77991AD8B048004F29F6 /* signaler.hpp */,
				211C779A1AD8B048004F29F6 /* socket_base.cpp */,
				211C779B1AD8B048004F29F6 /* socket_base.hpp */,
				211C779C1AD8B048004F29F6 /* stdint.hpp */,
				211C779D1AD8B048004F29F6 /* stream.cpp */,
				211C779E1AD8B048004F29F6 /* stream.hpp */,
				211C779F1AD8B048004F29F6 /* stream_engine.cpp */,
				211C77A01AD8B048004F29F6 /* stream_engine.hpp */,
				211C77A11AD8B048004F29F6 /* sub.cpp */,
				211C77A21AD8B048004F29F6 /* sub.hpp */,
				211C77A31AD8B048004F29F6 /* tcp.cpp */,
				211C77A41AD8B048004F29F6 /* tcp.hpp */,
				211C77A51AD8B048004F29F6 /* tcp_address.cpp */,
				211C77A61AD8B048004F29F6 /* tcp_address.hpp */,
				211C77A71AD8B048004F29F6 /* tcp_connecter.cpp */,
				211C77A81AD8B048004F29F6 /* tcp_connecter.hpp */,
				211C77A91AD8B048004F29F6 /* tcp_listener.cpp */,
				211C77AA1AD8B048004F29F6 /* tcp_listener.hpp */,
				211C77AB1AD8B048004F29F6 /* thread.cpp */,
				211C77AC1AD8B048004F29F6 /* thread.hpp */,
				211C77AD1AD8B048004F29F6 /* trie.cpp */,
				211C77AE1AD8B048004F29F6 /* trie.hpp */,
				211C77AF1AD8B048004F29F6 /* v1_decoder.cpp */,
				211C77B01AD8B048004F29F6 /* v1_decoder.hpp */,
				211C77B11AD8B048004F29F6 /* v1_encoder.cpp */,
				211C77B21AD8B048004F29F6 /* v1_encoder.hpp */,
				211C77B31AD8B048004F29F6 /* v2_decoder.cpp */,
				211C77B41AD8B048004F29F6 /* v2_decoder.hpp */,
				211C77B51AD8B048004F29F6 /* v2_encoder.cpp */,
				211C77B61AD8B048004F29F6 /* v2_encoder.hpp */,
				211C77B71AD8B048004F29F6 /* v2_protocol.hpp */,
				211C77B81AD8B048004F29F6 /* windows.hpp */,
				211C77B91AD8B048004F29F6 /* wire.hpp */,
				211C77BA1AD8B048004F29F6 /* xpub.cpp */,
				211C77BB1AD8B048004F29F6 /* xpub.hpp */,
				211C77BC1AD8B048004F29F6 /* xsub.cpp */,
				211C77BD1AD8B048004F29F6 /* xsub.hpp */,
				211C77BE1AD8B048004F29F6 /* ypipe.hpp */,
				211C77BF1AD8B048004F29F6 /* ypipe_base.hpp */,
				211C77C01AD8B049004F29F6 /* ypipe_conflate.hpp */,
				211C77C11AD8B049004F29F6 /* yqueue.hpp */,
				211C77C21AD8B049004F29F6 /* zmq.cpp */,
				211C77C31AD8B049004F29F6 /* zmq_utils.cpp */,
			);
			path = src;
			sourceTree = "<group>";
		};
/* End PBXGroup section */

/* Begin PBXNativeTarget section */
		211C76F21AD63710004F29F6 /* Giguesaur */ = {
			isa = PBXNativeTarget;
			buildConfigurationList = 211C77161AD63710004F29F6 /* Build configuration list for PBXNativeTarget "Giguesaur" */;
			buildPhases = (
				211C76EF1AD63710004F29F6 /* Sources */,
				211C76F01AD63710004F29F6 /* Frameworks */,
				211C76F11AD63710004F29F6 /* Resources */,
			);
			buildRules = (
			);
			dependencies = (
			);
			name = Giguesaur;
			productName = Giguesaur;
			productReference = 211C76F31AD63710004F29F6 /* Giguesaur.app */;
			productType = "com.apple.product-type.application";
		};
		211C770B1AD63710004F29F6 /* GiguesaurTests */ = {
			isa = PBXNativeTarget;
			buildConfigurationList = 211C77191AD63710004F29F6 /* Build configuration list for PBXNativeTarget "GiguesaurTests" */;
			buildPhases = (
				211C77081AD63710004F29F6 /* Sources */,
				211C77091AD63710004F29F6 /* Frameworks */,
				211C770A1AD63710004F29F6 /* Resources */,
			);
			buildRules = (
			);
			dependencies = (
				211C770E1AD63710004F29F6 /* PBXTargetDependency */,
			);
			name = GiguesaurTests;
			productName = GiguesaurTests;
			productReference = 211C770C1AD63710004F29F6 /* GiguesaurTests.xctest */;
			productType = "com.apple.product-type.bundle.unit-test";
		};
/* End PBXNativeTarget section */

/* Begin PBXProject section */
		211C76EB1AD63710004F29F6 /* Project object */ = {
			isa = PBXProject;
			attributes = {
				LastUpgradeCheck = 0620;
				ORGANIZATIONNAME = "Local Shahne";
				TargetAttributes = {
					211C76F21AD63710004F29F6 = {
						CreatedOnToolsVersion = 6.2;
						DevelopmentTeam = W3WEK8S6RC;
					};
					211C770B1AD63710004F29F6 = {
						CreatedOnToolsVersion = 6.2;
						TestTargetID = 211C76F21AD63710004F29F6;
					};
				};
			};
			buildConfigurationList = 211C76EE1AD63710004F29F6 /* Build configuration list for PBXProject "Giguesaur" */;
			compatibilityVersion = "Xcode 3.2";
			developmentRegion = English;
			hasScannedForEncodings = 0;
			knownRegions = (
				en,
				Base,
			);
			mainGroup = 211C76EA1AD63710004F29F6;
			productRefGroup = 211C76F41AD63710004F29F6 /* Products */;
			projectDirPath = "";
			projectRoot = "";
			targets = (
				211C76F21AD63710004F29F6 /* Giguesaur */,
				211C770B1AD63710004F29F6 /* GiguesaurTests */,
			);
		};
/* End PBXProject section */

/* Begin PBXResourcesBuildPhase section */
		211C76F11AD63710004F29F6 /* Resources */ = {
			isa = PBXResourcesBuildPhase;
			buildActionMask = 2147483647;
			files = (
				211C77021AD63710004F29F6 /* Main.storyboard in Resources */,
				211C77071AD63710004F29F6 /* LaunchScreen.xib in Resources */,
				211C77041AD63710004F29F6 /* Images.xcassets in Resources */,
			);
			runOnlyForDeploymentPostprocessing = 0;
		};
		211C770A1AD63710004F29F6 /* Resources */ = {
			isa = PBXResourcesBuildPhase;
			buildActionMask = 2147483647;
			files = (
			);
			runOnlyForDeploymentPostprocessing = 0;
		};
/* End PBXResourcesBuildPhase section */

/* Begin PBXSourcesBuildPhase section */
		211C76EF1AD63710004F29F6 /* Sources */ = {
			isa = PBXSourcesBuildPhase;
			buildActionMask = 2147483647;
			files = (
				211C77FB1AD8B049004F29F6 /* tcp_address.cpp in Sources */,
				211C77F51AD8B049004F29F6 /* signaler.cpp in Sources */,
				211C77C51AD8B049004F29F6 /* clock.cpp in Sources */,
				211C76FF1AD63710004F29F6 /* ViewController.m in Sources */,
				211C77DA1AD8B049004F29F6 /* mtrie.cpp in Sources */,
				211C77F31AD8B049004F29F6 /* select.cpp in Sources */,
				211C77E91AD8B049004F29F6 /* pub.cpp in Sources */,
				2163E0FC1AFCB7E5000CBFBD /* PublishingDelegate.m in Sources */,
				211C77C41AD8B049004F29F6 /* address.cpp in Sources */,
				211C77F81AD8B049004F29F6 /* stream_engine.cpp in Sources */,
				211C77F91AD8B049004F29F6 /* sub.cpp in Sources */,
				211C77E61AD8B049004F29F6 /* poller_base.cpp in Sources */,
				211C77CC1AD8B049004F29F6 /* epoll.cpp in Sources */,
				211C77E01AD8B049004F29F6 /* pgm_receiver.cpp in Sources */,
				211C78051AD8B049004F29F6 /* xsub.cpp in Sources */,
				211C77DF1AD8B049004F29F6 /* pair.cpp in Sources */,
				211C77EB1AD8B049004F29F6 /* push.cpp in Sources */,
				211C77EF1AD8B049004F29F6 /* reaper.cpp in Sources */,
				211C77C61AD8B049004F29F6 /* ctx.cpp in Sources */,
				211C77D21AD8B049004F29F6 /* ipc_address.cpp in Sources */,
				211C77CE1AD8B049004F29F6 /* fq.cpp in Sources */,
				211C77FE1AD8B049004F29F6 /* thread.cpp in Sources */,
				211C77C91AD8B049004F29F6 /* dealer.cpp in Sources */,
				211C77EC1AD8B049004F29F6 /* random.cpp in Sources */,
				211C77E71AD8B049004F29F6 /* precompiled.cpp in Sources */,
				211C78011AD8B049004F29F6 /* v1_encoder.cpp in Sources */,
				211C77E31AD8B049004F29F6 /* pipe.cpp in Sources */,
				211C77D71AD8B049004F29F6 /* mailbox.cpp in Sources */,
				211C78001AD8B049004F29F6 /* v1_decoder.cpp in Sources */,
				211C77F21AD8B049004F29F6 /* router.cpp in Sources */,
				211C77CB1AD8B049004F29F6 /* dist.cpp in Sources */,
				211C78071AD8B049004F29F6 /* zmq_utils.cpp in Sources */,
				211C77F61AD8B049004F29F6 /* socket_base.cpp in Sources */,
				211C77D41AD8B049004F29F6 /* ipc_listener.cpp in Sources */,
				211C77C81AD8B049004F29F6 /* curve_server.cpp in Sources */,
				211C78041AD8B049004F29F6 /* xpub.cpp in Sources */,
				211C77FD1AD8B049004F29F6 /* tcp_listener.cpp in Sources */,
				211C78061AD8B049004F29F6 /* zmq.cpp in Sources */,
				211C77F41AD8B049004F29F6 /* session_base.cpp in Sources */,
				211C77D81AD8B049004F29F6 /* mechanism.cpp in Sources */,
				211C77FC1AD8B049004F29F6 /* tcp_connecter.cpp in Sources */,
				211C77D31AD8B049004F29F6 /* ipc_connecter.cpp in Sources */,
				211C77ED1AD8B049004F29F6 /* raw_decoder.cpp in Sources */,
				211C77DC1AD8B049004F29F6 /* object.cpp in Sources */,
				211C77E41AD8B049004F29F6 /* plain_mechanism.cpp in Sources */,
				211C77D01AD8B049004F29F6 /* io_thread.cpp in Sources */,
				211C77C71AD8B049004F29F6 /* curve_client.cpp in Sources */,
				211C77EE1AD8B049004F29F6 /* raw_encoder.cpp in Sources */,
				211C77E81AD8B049004F29F6 /* proxy.cpp in Sources */,
				211C77CA1AD8B049004F29F6 /* devpoll.cpp in Sources */,
				211C77FA1AD8B049004F29F6 /* tcp.cpp in Sources */,
				211C78031AD8B049004F29F6 /* v2_encoder.cpp in Sources */,
				211C77D51AD8B049004F29F6 /* kqueue.cpp in Sources */,
				211C77FF1AD8B049004F29F6 /* trie.cpp in Sources */,
				211C77D11AD8B049004F29F6 /* ip.cpp in Sources */,
				211C77DE1AD8B049004F29F6 /* own.cpp in Sources */,
				211C77D91AD8B049004F29F6 /* msg.cpp in Sources */,
				211C76FC1AD63710004F29F6 /* AppDelegate.m in Sources */,
				211C77EA1AD8B049004F29F6 /* pull.cpp in Sources */,
				211C77DB1AD8B049004F29F6 /* null_mechanism.cpp in Sources */,
				211C77CF1AD8B049004F29F6 /* io_object.cpp in Sources */,
				211C77F01AD8B049004F29F6 /* rep.cpp in Sources */,
				211C77CD1AD8B049004F29F6 /* err.cpp in Sources */,
				211C77DD1AD8B049004F29F6 /* options.cpp in Sources */,
				211C77E51AD8B049004F29F6 /* poll.cpp in Sources */,
				211C77F11AD8B049004F29F6 /* req.cpp in Sources */,
				211C77D61AD8B049004F29F6 /* lb.cpp in Sources */,
				211C77E21AD8B049004F29F6 /* pgm_socket.cpp in Sources */,
				211C78021AD8B049004F29F6 /* v2_decoder.cpp in Sources */,
				2128A29F1ADB67F700E64C46 /* BrowsingDelegate.m in Sources */,
				211C76F91AD63710004F29F6 /* main.m in Sources */,
				211C771E1AD6391E004F29F6 /* ChatController.m in Sources */,
				211C77E11AD8B049004F29F6 /* pgm_sender.cpp in Sources */,
				211C77F71AD8B049004F29F6 /* stream.cpp in Sources */,
			);
			runOnlyForDeploymentPostprocessing = 0;
		};
		211C77081AD63710004F29F6 /* Sources */ = {
			isa = PBXSourcesBuildPhase;
			buildActionMask = 2147483647;
			files = (
				211C77131AD63710004F29F6 /* GiguesaurTests.m in Sources */,
			);
			runOnlyForDeploymentPostprocessing = 0;
		};
/* End PBXSourcesBuildPhase section */

/* Begin PBXTargetDependency section */
		211C770E1AD63710004F29F6 /* PBXTargetDependency */ = {
			isa = PBXTargetDependency;
			target = 211C76F21AD63710004F29F6 /* Giguesaur */;
			targetProxy = 211C770D1AD63710004F29F6 /* PBXContainerItemProxy */;
		};
/* End PBXTargetDependency section */

/* Begin PBXVariantGroup section */
		211C77001AD63710004F29F6 /* Main.storyboard */ = {
			isa = PBXVariantGroup;
			children = (
				211C77011AD63710004F29F6 /* Base */,
			);
			name = Main.storyboard;
			sourceTree = "<group>";
		};
		211C77051AD63710004F29F6 /* LaunchScreen.xib */ = {
			isa = PBXVariantGroup;
			children = (
				211C77061AD63710004F29F6 /* Base */,
			);
			name = LaunchScreen.xib;
			sourceTree = "<group>";
		};
/* End PBXVariantGroup section */

/* Begin XCBuildConfiguration section */
		211C77141AD63710004F29F6 /* Debug */ = {
			isa = XCBuildConfiguration;
			buildSettings = {
				ALWAYS_SEARCH_USER_PATHS = NO;
				CLANG_CXX_LANGUAGE_STANDARD = "gnu++0x";
				CLANG_CXX_LIBRARY = "libc++";
				CLANG_ENABLE_MODULES = YES;
				CLANG_ENABLE_OBJC_ARC = YES;
				CLANG_WARN_BOOL_CONVERSION = YES;
				CLANG_WARN_CONSTANT_CONVERSION = YES;
				CLANG_WARN_DIRECT_OBJC_ISA_USAGE = YES_ERROR;
				CLANG_WARN_EMPTY_BODY = YES;
				CLANG_WARN_ENUM_CONVERSION = YES;
				CLANG_WARN_INT_CONVERSION = YES;
				CLANG_WARN_OBJC_ROOT_CLASS = YES_ERROR;
				CLANG_WARN_UNREACHABLE_CODE = YES;
				CLANG_WARN__DUPLICATE_METHOD_MATCH = YES;
				"CODE_SIGN_IDENTITY[sdk=iphoneos*]" = "iPhone Developer";
				COPY_PHASE_STRIP = NO;
				ENABLE_STRICT_OBJC_MSGSEND = YES;
				GCC_C_LANGUAGE_STANDARD = gnu99;
				GCC_DYNAMIC_NO_PIC = NO;
				GCC_OPTIMIZATION_LEVEL = 0;
				GCC_PREPROCESSOR_DEFINITIONS = (
					"DEBUG=1",
					"$(inherited)",
				);
				GCC_SYMBOLS_PRIVATE_EXTERN = NO;
				GCC_WARN_64_TO_32_BIT_CONVERSION = YES;
				GCC_WARN_ABOUT_RETURN_TYPE = YES_ERROR;
				GCC_WARN_UNDECLARED_SELECTOR = YES;
				GCC_WARN_UNINITIALIZED_AUTOS = YES_AGGRESSIVE;
				GCC_WARN_UNUSED_FUNCTION = YES;
				GCC_WARN_UNUSED_VARIABLE = YES;
				IPHONEOS_DEPLOYMENT_TARGET = 8.2;
				MTL_ENABLE_DEBUG_INFO = YES;
				ONLY_ACTIVE_ARCH = YES;
				SDKROOT = iphoneos;
				TARGETED_DEVICE_FAMILY = "1,2";
			};
			name = Debug;
		};
		211C77151AD63710004F29F6 /* Release */ = {
			isa = XCBuildConfiguration;
			buildSettings = {
				ALWAYS_SEARCH_USER_PATHS = NO;
				CLANG_CXX_LANGUAGE_STANDARD = "gnu++0x";
				CLANG_CXX_LIBRARY = "libc++";
				CLANG_ENABLE_MODULES = YES;
				CLANG_ENABLE_OBJC_ARC = YES;
				CLANG_WARN_BOOL_CONVERSION = YES;
				CLANG_WARN_CONSTANT_CONVERSION = YES;
				CLANG_WARN_DIRECT_OBJC_ISA_USAGE = YES_ERROR;
				CLANG_WARN_EMPTY_BODY = YES;
				CLANG_WARN_ENUM_CONVERSION = YES;
				CLANG_WARN_INT_CONVERSION = YES;
				CLANG_WARN_OBJC_ROOT_CLASS = YES_ERROR;
				CLANG_WARN_UNREACHABLE_CODE = YES;
				CLANG_WARN__DUPLICATE_METHOD_MATCH = YES;
				"CODE_SIGN_IDENTITY[sdk=iphoneos*]" = "iPhone Developer";
				COPY_PHASE_STRIP = NO;
				ENABLE_NS_ASSERTIONS = NO;
				ENABLE_STRICT_OBJC_MSGSEND = YES;
				GCC_C_LANGUAGE_STANDARD = gnu99;
				GCC_WARN_64_TO_32_BIT_CONVERSION = YES;
				GCC_WARN_ABOUT_RETURN_TYPE = YES_ERROR;
				GCC_WARN_UNDECLARED_SELECTOR = YES;
				GCC_WARN_UNINITIALIZED_AUTOS = YES_AGGRESSIVE;
				GCC_WARN_UNUSED_FUNCTION = YES;
				GCC_WARN_UNUSED_VARIABLE = YES;
				IPHONEOS_DEPLOYMENT_TARGET = 8.2;
				MTL_ENABLE_DEBUG_INFO = NO;
				SDKROOT = iphoneos;
				TARGETED_DEVICE_FAMILY = "1,2";
				VALIDATE_PRODUCT = YES;
			};
			name = Release;
		};
		211C77171AD63710004F29F6 /* Debug */ = {
			isa = XCBuildConfiguration;
			buildSettings = {
				ASSETCATALOG_COMPILER_APPICON_NAME = AppIcon;
				CODE_SIGN_IDENTITY = "iPhone Developer";
				"CODE_SIGN_IDENTITY[sdk=iphoneos*]" = "iPhone Developer";
				INFOPLIST_FILE = Giguesaur/Info.plist;
				IPHONEOS_DEPLOYMENT_TARGET = 7.1;
				LD_RUNPATH_SEARCH_PATHS = "$(inherited) @executable_path/Frameworks";
				PRODUCT_NAME = "$(TARGET_NAME)";
				PROVISIONING_PROFILE = "";
			};
			name = Debug;
		};
		211C77181AD63710004F29F6 /* Release */ = {
			isa = XCBuildConfiguration;
			buildSettings = {
				ASSETCATALOG_COMPILER_APPICON_NAME = AppIcon;
				CODE_SIGN_IDENTITY = "iPhone Developer";
				"CODE_SIGN_IDENTITY[sdk=iphoneos*]" = "iPhone Developer";
				INFOPLIST_FILE = Giguesaur/Info.plist;
				IPHONEOS_DEPLOYMENT_TARGET = 7.1;
				LD_RUNPATH_SEARCH_PATHS = "$(inherited) @executable_path/Frameworks";
				PRODUCT_NAME = "$(TARGET_NAME)";
				PROVISIONING_PROFILE = "";
			};
			name = Release;
		};
		211C771A1AD63710004F29F6 /* Debug */ = {
			isa = XCBuildConfiguration;
			buildSettings = {
				BUNDLE_LOADER = "$(TEST_HOST)";
				FRAMEWORK_SEARCH_PATHS = (
					"$(SDKROOT)/Developer/Library/Frameworks",
					"$(inherited)",
				);
				GCC_PREPROCESSOR_DEFINITIONS = (
					"DEBUG=1",
					"$(inherited)",
				);
				INFOPLIST_FILE = GiguesaurTests/Info.plist;
				LD_RUNPATH_SEARCH_PATHS = "$(inherited) @executable_path/Frameworks @loader_path/Frameworks";
				PRODUCT_NAME = "$(TARGET_NAME)";
				TEST_HOST = "$(BUILT_PRODUCTS_DIR)/Giguesaur.app/Giguesaur";
			};
			name = Debug;
		};
		211C771B1AD63710004F29F6 /* Release */ = {
			isa = XCBuildConfiguration;
			buildSettings = {
				BUNDLE_LOADER = "$(TEST_HOST)";
				FRAMEWORK_SEARCH_PATHS = (
					"$(SDKROOT)/Developer/Library/Frameworks",
					"$(inherited)",
				);
				INFOPLIST_FILE = GiguesaurTests/Info.plist;
				LD_RUNPATH_SEARCH_PATHS = "$(inherited) @executable_path/Frameworks @loader_path/Frameworks";
				PRODUCT_NAME = "$(TARGET_NAME)";
				TEST_HOST = "$(BUILT_PRODUCTS_DIR)/Giguesaur.app/Giguesaur";
			};
			name = Release;
		};
/* End XCBuildConfiguration section */

/* Begin XCConfigurationList section */
		211C76EE1AD63710004F29F6 /* Build configuration list for PBXProject "Giguesaur" */ = {
			isa = XCConfigurationList;
			buildConfigurations = (
				211C77141AD63710004F29F6 /* Debug */,
				211C77151AD63710004F29F6 /* Release */,
			);
			defaultConfigurationIsVisible = 0;
			defaultConfigurationName = Release;
		};
		211C77161AD63710004F29F6 /* Build configuration list for PBXNativeTarget "Giguesaur" */ = {
			isa = XCConfigurationList;
			buildConfigurations = (
				211C77171AD63710004F29F6 /* Debug */,
				211C77181AD63710004F29F6 /* Release */,
			);
			defaultConfigurationIsVisible = 0;
			defaultConfigurationName = Release;
		};
		211C77191AD63710004F29F6 /* Build configuration list for PBXNativeTarget "GiguesaurTests" */ = {
			isa = XCConfigurationList;
			buildConfigurations = (
				211C771A1AD63710004F29F6 /* Debug */,
				211C771B1AD63710004F29F6 /* Release */,
			);
			defaultConfigurationIsVisible = 0;
			defaultConfigurationName = Release;
		};
/* End XCConfigurationList section */
	};
	rootObject = 211C76EB1AD63710004F29F6 /* Project object */;
}
